// !$*UTF8*$!
{
	archiveVersion = 1;
	classes = {
	};
	objectVersion = 56;
	objects = {

/* Begin PBXBuildFile section */
		4B1736B22C27769300112A76 /* TabPageView.swift in Sources */ = {isa = PBXBuildFile; fileRef = 4B1736B12C27769300112A76 /* TabPageView.swift */; };
		4B1736B42C27805700112A76 /* NavigationView_NavigationLink.swift in Sources */ = {isa = PBXBuildFile; fileRef = 4B1736B32C27805700112A76 /* NavigationView_NavigationLink.swift */; };
		4B1736B62C27818600112A76 /* FullScreenCover_Sheet.swift in Sources */ = {isa = PBXBuildFile; fileRef = 4B1736B52C27818600112A76 /* FullScreenCover_Sheet.swift */; };
		4B1736B82C27DB0700112A76 /* DragOffsetView.swift in Sources */ = {isa = PBXBuildFile; fileRef = 4B1736B72C27DB0700112A76 /* DragOffsetView.swift */; };
		4B7492D02C0BBF1000EC27CF /* SwiftUIBetaApp.swift in Sources */ = {isa = PBXBuildFile; fileRef = 4B7492CF2C0BBF1000EC27CF /* SwiftUIBetaApp.swift */; };
		4B7492D22C0BBF1000EC27CF /* ContentView.swift in Sources */ = {isa = PBXBuildFile; fileRef = 4B7492D12C0BBF1000EC27CF /* ContentView.swift */; };
		4B7492D42C0BBF1100EC27CF /* Assets.xcassets in Resources */ = {isa = PBXBuildFile; fileRef = 4B7492D32C0BBF1100EC27CF /* Assets.xcassets */; };
		4B7492D72C0BBF1100EC27CF /* Preview Assets.xcassets in Resources */ = {isa = PBXBuildFile; fileRef = 4B7492D62C0BBF1100EC27CF /* Preview Assets.xcassets */; };
		4B7492E12C0BBF1100EC27CF /* SwiftUIBetaTests.swift in Sources */ = {isa = PBXBuildFile; fileRef = 4B7492E02C0BBF1100EC27CF /* SwiftUIBetaTests.swift */; };
		4B7492EB2C0BBF1100EC27CF /* SwiftUIBetaUITests.swift in Sources */ = {isa = PBXBuildFile; fileRef = 4B7492EA2C0BBF1100EC27CF /* SwiftUIBetaUITests.swift */; };
		4B7492ED2C0BBF1100EC27CF /* SwiftUIBetaUITestsLaunchTests.swift in Sources */ = {isa = PBXBuildFile; fileRef = 4B7492EC2C0BBF1100EC27CF /* SwiftUIBetaUITestsLaunchTests.swift */; };
		4B7492FA2C0C289600EC27CF /* Login.swift in Sources */ = {isa = PBXBuildFile; fileRef = 4B7492F92C0C289600EC27CF /* Login.swift */; };
		4B7492FE2C0C453600EC27CF /* DataList.swift in Sources */ = {isa = PBXBuildFile; fileRef = 4B7492FD2C0C453600EC27CF /* DataList.swift */; };
/* End PBXBuildFile section */

/* Begin PBXContainerItemProxy section */
		4B7492DD2C0BBF1100EC27CF /* PBXContainerItemProxy */ = {
			isa = PBXContainerItemProxy;
			containerPortal = 4B7492C42C0BBF1000EC27CF /* Project object */;
			proxyType = 1;
			remoteGlobalIDString = 4B7492CB2C0BBF1000EC27CF;
			remoteInfo = SwiftUIBeta;
		};
		4B7492E72C0BBF1100EC27CF /* PBXContainerItemProxy */ = {
			isa = PBXContainerItemProxy;
			containerPortal = 4B7492C42C0BBF1000EC27CF /* Project object */;
			proxyType = 1;
			remoteGlobalIDString = 4B7492CB2C0BBF1000EC27CF;
			remoteInfo = SwiftUIBeta;
		};
/* End PBXContainerItemProxy section */

/* Begin PBXFileReference section */
		4B1736B12C27769300112A76 /* TabPageView.swift */ = {isa = PBXFileReference; lastKnownFileType = sourcecode.swift; path = TabPageView.swift; sourceTree = "<group>"; };
		4B1736B32C27805700112A76 /* NavigationView_NavigationLink.swift */ = {isa = PBXFileReference; lastKnownFileType = sourcecode.swift; path = NavigationView_NavigationLink.swift; sourceTree = "<group>"; };
		4B1736B52C27818600112A76 /* FullScreenCover_Sheet.swift */ = {isa = PBXFileReference; lastKnownFileType = sourcecode.swift; path = FullScreenCover_Sheet.swift; sourceTree = "<group>"; };
		4B1736B72C27DB0700112A76 /* DragOffsetView.swift */ = {isa = PBXFileReference; lastKnownFileType = sourcecode.swift; path = DragOffsetView.swift; sourceTree = "<group>"; };
		4B7492CC2C0BBF1000EC27CF /* SwiftUIBeta.app */ = {isa = PBXFileReference; explicitFileType = wrapper.application; includeInIndex = 0; path = SwiftUIBeta.app; sourceTree = BUILT_PRODUCTS_DIR; };
		4B7492CF2C0BBF1000EC27CF /* SwiftUIBetaApp.swift */ = {isa = PBXFileReference; lastKnownFileType = sourcecode.swift; path = SwiftUIBetaApp.swift; sourceTree = "<group>"; };
		4B7492D12C0BBF1000EC27CF /* ContentView.swift */ = {isa = PBXFileReference; lastKnownFileType = sourcecode.swift; path = ContentView.swift; sourceTree = "<group>"; };
		4B7492D32C0BBF1100EC27CF /* Assets.xcassets */ = {isa = PBXFileReference; lastKnownFileType = folder.assetcatalog; path = Assets.xcassets; sourceTree = "<group>"; };
		4B7492D62C0BBF1100EC27CF /* Preview Assets.xcassets */ = {isa = PBXFileReference; lastKnownFileType = folder.assetcatalog; path = "Preview Assets.xcassets"; sourceTree = "<group>"; };
		4B7492DC2C0BBF1100EC27CF /* SwiftUIBetaTests.xctest */ = {isa = PBXFileReference; explicitFileType = wrapper.cfbundle; includeInIndex = 0; path = SwiftUIBetaTests.xctest; sourceTree = BUILT_PRODUCTS_DIR; };
		4B7492E02C0BBF1100EC27CF /* SwiftUIBetaTests.swift */ = {isa = PBXFileReference; lastKnownFileType = sourcecode.swift; path = SwiftUIBetaTests.swift; sourceTree = "<group>"; };
		4B7492E62C0BBF1100EC27CF /* SwiftUIBetaUITests.xctest */ = {isa = PBXFileReference; explicitFileType = wrapper.cfbundle; includeInIndex = 0; path = SwiftUIBetaUITests.xctest; sourceTree = BUILT_PRODUCTS_DIR; };
		4B7492EA2C0BBF1100EC27CF /* SwiftUIBetaUITests.swift */ = {isa = PBXFileReference; lastKnownFileType = sourcecode.swift; path = SwiftUIBetaUITests.swift; sourceTree = "<group>"; };
		4B7492EC2C0BBF1100EC27CF /* SwiftUIBetaUITestsLaunchTests.swift */ = {isa = PBXFileReference; lastKnownFileType = sourcecode.swift; path = SwiftUIBetaUITestsLaunchTests.swift; sourceTree = "<group>"; };
		4B7492F92C0C289600EC27CF /* Login.swift */ = {isa = PBXFileReference; lastKnownFileType = sourcecode.swift; path = Login.swift; sourceTree = "<group>"; };
		4B7492FD2C0C453600EC27CF /* DataList.swift */ = {isa = PBXFileReference; lastKnownFileType = sourcecode.swift; path = DataList.swift; sourceTree = SOURCE_ROOT; };
/* End PBXFileReference section */

/* Begin PBXFrameworksBuildPhase section */
		4B7492C92C0BBF1000EC27CF /* Frameworks */ = {
			isa = PBXFrameworksBuildPhase;
			buildActionMask = 2147483647;
			files = (
			);
			runOnlyForDeploymentPostprocessing = 0;
		};
		4B7492D92C0BBF1100EC27CF /* Frameworks */ = {
			isa = PBXFrameworksBuildPhase;
			buildActionMask = 2147483647;
			files = (
			);
			runOnlyForDeploymentPostprocessing = 0;
		};
		4B7492E32C0BBF1100EC27CF /* Frameworks */ = {
			isa = PBXFrameworksBuildPhase;
			buildActionMask = 2147483647;
			files = (
			);
			runOnlyForDeploymentPostprocessing = 0;
		};
/* End PBXFrameworksBuildPhase section */

/* Begin PBXGroup section */
		4B7492C32C0BBF1000EC27CF = {
			isa = PBXGroup;
			children = (
				4B7492CE2C0BBF1000EC27CF /* SwiftUIBeta */,
				4B7492DF2C0BBF1100EC27CF /* SwiftUIBetaTests */,
				4B7492E92C0BBF1100EC27CF /* SwiftUIBetaUITests */,
				4B7492CD2C0BBF1000EC27CF /* Products */,
			);
			sourceTree = "<group>";
		};
		4B7492CD2C0BBF1000EC27CF /* Products */ = {
			isa = PBXGroup;
			children = (
				4B7492CC2C0BBF1000EC27CF /* SwiftUIBeta.app */,
				4B7492DC2C0BBF1100EC27CF /* SwiftUIBetaTests.xctest */,
				4B7492E62C0BBF1100EC27CF /* SwiftUIBetaUITests.xctest */,
			);
			name = Products;
			sourceTree = "<group>";
		};
		4B7492CE2C0BBF1000EC27CF /* SwiftUIBeta */ = {
			isa = PBXGroup;
			children = (
				4B7492CF2C0BBF1000EC27CF /* SwiftUIBetaApp.swift */,
				4B7492FD2C0C453600EC27CF /* DataList.swift */,
				4B7492F92C0C289600EC27CF /* Login.swift */,
				4B7492D12C0BBF1000EC27CF /* ContentView.swift */,
				4B1736B12C27769300112A76 /* TabPageView.swift */,
				4B1736B32C27805700112A76 /* NavigationView_NavigationLink.swift */,
				4B1736B52C27818600112A76 /* FullScreenCover_Sheet.swift */,
				4B7492D32C0BBF1100EC27CF /* Assets.xcassets */,
				4B7492D52C0BBF1100EC27CF /* Preview Content */,
				4B1736B72C27DB0700112A76 /* DragOffsetView.swift */,
			);
			path = SwiftUIBeta;
			sourceTree = "<group>";
		};
		4B7492D52C0BBF1100EC27CF /* Preview Content */ = {
			isa = PBXGroup;
			children = (
				4B7492D62C0BBF1100EC27CF /* Preview Assets.xcassets */,
			);
			path = "Preview Content";
			sourceTree = "<group>";
		};
		4B7492DF2C0BBF1100EC27CF /* SwiftUIBetaTests */ = {
			isa = PBXGroup;
			children = (
				4B7492E02C0BBF1100EC27CF /* SwiftUIBetaTests.swift */,
			);
			path = SwiftUIBetaTests;
			sourceTree = "<group>";
		};
		4B7492E92C0BBF1100EC27CF /* SwiftUIBetaUITests */ = {
			isa = PBXGroup;
			children = (
				4B7492EA2C0BBF1100EC27CF /* SwiftUIBetaUITests.swift */,
				4B7492EC2C0BBF1100EC27CF /* SwiftUIBetaUITestsLaunchTests.swift */,
			);
			path = SwiftUIBetaUITests;
			sourceTree = "<group>";
		};
/* End PBXGroup section */

/* Begin PBXNativeTarget section */
		4B7492CB2C0BBF1000EC27CF /* SwiftUIBeta */ = {
			isa = PBXNativeTarget;
			buildConfigurationList = 4B7492F02C0BBF1100EC27CF /* Build configuration list for PBXNativeTarget "SwiftUIBeta" */;
			buildPhases = (
				4B7492C82C0BBF1000EC27CF /* Sources */,
				4B7492C92C0BBF1000EC27CF /* Frameworks */,
				4B7492CA2C0BBF1000EC27CF /* Resources */,
			);
			buildRules = (
			);
			dependencies = (
			);
			name = SwiftUIBeta;
			productName = SwiftUIBeta;
			productReference = 4B7492CC2C0BBF1000EC27CF /* SwiftUIBeta.app */;
			productType = "com.apple.product-type.application";
		};
		4B7492DB2C0BBF1100EC27CF /* SwiftUIBetaTests */ = {
			isa = PBXNativeTarget;
			buildConfigurationList = 4B7492F32C0BBF1100EC27CF /* Build configuration list for PBXNativeTarget "SwiftUIBetaTests" */;
			buildPhases = (
				4B7492D82C0BBF1100EC27CF /* Sources */,
				4B7492D92C0BBF1100EC27CF /* Frameworks */,
				4B7492DA2C0BBF1100EC27CF /* Resources */,
			);
			buildRules = (
			);
			dependencies = (
				4B7492DE2C0BBF1100EC27CF /* PBXTargetDependency */,
			);
			name = SwiftUIBetaTests;
			productName = SwiftUIBetaTests;
			productReference = 4B7492DC2C0BBF1100EC27CF /* SwiftUIBetaTests.xctest */;
			productType = "com.apple.product-type.bundle.unit-test";
		};
		4B7492E52C0BBF1100EC27CF /* SwiftUIBetaUITests */ = {
			isa = PBXNativeTarget;
			buildConfigurationList = 4B7492F62C0BBF1100EC27CF /* Build configuration list for PBXNativeTarget "SwiftUIBetaUITests" */;
			buildPhases = (
				4B7492E22C0BBF1100EC27CF /* Sources */,
				4B7492E32C0BBF1100EC27CF /* Frameworks */,
				4B7492E42C0BBF1100EC27CF /* Resources */,
			);
			buildRules = (
			);
			dependencies = (
				4B7492E82C0BBF1100EC27CF /* PBXTargetDependency */,
			);
			name = SwiftUIBetaUITests;
			productName = SwiftUIBetaUITests;
			productReference = 4B7492E62C0BBF1100EC27CF /* SwiftUIBetaUITests.xctest */;
			productType = "com.apple.product-type.bundle.ui-testing";
		};
/* End PBXNativeTarget section */

/* Begin PBXProject section */
		4B7492C42C0BBF1000EC27CF /* Project object */ = {
			isa = PBXProject;
			attributes = {
				BuildIndependentTargetsInParallel = 1;
				LastSwiftUpdateCheck = 1520;
				LastUpgradeCheck = 1520;
				TargetAttributes = {
					4B7492CB2C0BBF1000EC27CF = {
						CreatedOnToolsVersion = 15.2;
					};
					4B7492DB2C0BBF1100EC27CF = {
						CreatedOnToolsVersion = 15.2;
						TestTargetID = 4B7492CB2C0BBF1000EC27CF;
					};
					4B7492E52C0BBF1100EC27CF = {
						CreatedOnToolsVersion = 15.2;
						TestTargetID = 4B7492CB2C0BBF1000EC27CF;
					};
				};
			};
			buildConfigurationList = 4B7492C72C0BBF1000EC27CF /* Build configuration list for PBXProject "SwiftUIBeta" */;
			compatibilityVersion = "Xcode 14.0";
			developmentRegion = en;
			hasScannedForEncodings = 0;
			knownRegions = (
				en,
				Base,
			);
			mainGroup = 4B7492C32C0BBF1000EC27CF;
			productRefGroup = 4B7492CD2C0BBF1000EC27CF /* Products */;
			projectDirPath = "";
			projectRoot = "";
			targets = (
				4B7492CB2C0BBF1000EC27CF /* SwiftUIBeta */,
				4B7492DB2C0BBF1100EC27CF /* SwiftUIBetaTests */,
				4B7492E52C0BBF1100EC27CF /* SwiftUIBetaUITests */,
			);
		};
/* End PBXProject section */

/* Begin PBXResourcesBuildPhase section */
		4B7492CA2C0BBF1000EC27CF /* Resources */ = {
			isa = PBXResourcesBuildPhase;
			buildActionMask = 2147483647;
			files = (
				4B7492D72C0BBF1100EC27CF /* Preview Assets.xcassets in Resources */,
				4B7492D42C0BBF1100EC27CF /* Assets.xcassets in Resources */,
			);
			runOnlyForDeploymentPostprocessing = 0;
		};
		4B7492DA2C0BBF1100EC27CF /* Resources */ = {
			isa = PBXResourcesBuildPhase;
			buildActionMask = 2147483647;
			files = (
			);
			runOnlyForDeploymentPostprocessing = 0;
		};
		4B7492E42C0BBF1100EC27CF /* Resources */ = {
			isa = PBXResourcesBuildPhase;
			buildActionMask = 2147483647;
			files = (
			);
			runOnlyForDeploymentPostprocessing = 0;
		};
/* End PBXResourcesBuildPhase section */

/* Begin PBXSourcesBuildPhase section */
		4B7492C82C0BBF1000EC27CF /* Sources */ = {
			isa = PBXSourcesBuildPhase;
			buildActionMask = 2147483647;
			files = (
				4B1736B62C27818600112A76 /* FullScreenCover_Sheet.swift in Sources */,
				4B1736B22C27769300112A76 /* TabPageView.swift in Sources */,
				4B7492FA2C0C289600EC27CF /* Login.swift in Sources */,
				4B1736B42C27805700112A76 /* NavigationView_NavigationLink.swift in Sources */,
				4B7492D22C0BBF1000EC27CF /* ContentView.swift in Sources */,
				4B7492D02C0BBF1000EC27CF /* SwiftUIBetaApp.swift in Sources */,
				4B7492FE2C0C453600EC27CF /* DataList.swift in Sources */,
				4B1736B82C27DB0700112A76 /* DragOffsetView.swift in Sources */,
			);
			runOnlyForDeploymentPostprocessing = 0;
		};
		4B7492D82C0BBF1100EC27CF /* Sources */ = {
			isa = PBXSourcesBuildPhase;
			buildActionMask = 2147483647;
			files = (
				4B7492E12C0BBF1100EC27CF /* SwiftUIBetaTests.swift in Sources */,
			);
			runOnlyForDeploymentPostprocessing = 0;
		};
		4B7492E22C0BBF1100EC27CF /* Sources */ = {
			isa = PBXSourcesBuildPhase;
			buildActionMask = 2147483647;
			files = (
				4B7492ED2C0BBF1100EC27CF /* SwiftUIBetaUITestsLaunchTests.swift in Sources */,
				4B7492EB2C0BBF1100EC27CF /* SwiftUIBetaUITests.swift in Sources */,
			);
			runOnlyForDeploymentPostprocessing = 0;
		};
/* End PBXSourcesBuildPhase section */

/* Begin PBXTargetDependency section */
		4B7492DE2C0BBF1100EC27CF /* PBXTargetDependency */ = {
			isa = PBXTargetDependency;
			target = 4B7492CB2C0BBF1000EC27CF /* SwiftUIBeta */;
			targetProxy = 4B7492DD2C0BBF1100EC27CF /* PBXContainerItemProxy */;
		};
		4B7492E82C0BBF1100EC27CF /* PBXTargetDependency */ = {
			isa = PBXTargetDependency;
			target = 4B7492CB2C0BBF1000EC27CF /* SwiftUIBeta */;
			targetProxy = 4B7492E72C0BBF1100EC27CF /* PBXContainerItemProxy */;
		};
/* End PBXTargetDependency section */

/* Begin XCBuildConfiguration section */
		4B7492EE2C0BBF1100EC27CF /* Debug */ = {
			isa = XCBuildConfiguration;
			buildSettings = {
				ALWAYS_SEARCH_USER_PATHS = NO;
				ASSETCATALOG_COMPILER_GENERATE_SWIFT_ASSET_SYMBOL_EXTENSIONS = YES;
				CLANG_ANALYZER_NONNULL = YES;
				CLANG_ANALYZER_NUMBER_OBJECT_CONVERSION = YES_AGGRESSIVE;
				CLANG_CXX_LANGUAGE_STANDARD = "gnu++20";
				CLANG_ENABLE_MODULES = YES;
				CLANG_ENABLE_OBJC_ARC = YES;
				CLANG_ENABLE_OBJC_WEAK = YES;
				CLANG_WARN_BLOCK_CAPTURE_AUTORELEASING = YES;
				CLANG_WARN_BOOL_CONVERSION = YES;
				CLANG_WARN_COMMA = YES;
				CLANG_WARN_CONSTANT_CONVERSION = YES;
				CLANG_WARN_DEPRECATED_OBJC_IMPLEMENTATIONS = YES;
				CLANG_WARN_DIRECT_OBJC_ISA_USAGE = YES_ERROR;
				CLANG_WARN_DOCUMENTATION_COMMENTS = YES;
				CLANG_WARN_EMPTY_BODY = YES;
				CLANG_WARN_ENUM_CONVERSION = YES;
				CLANG_WARN_INFINITE_RECURSION = YES;
				CLANG_WARN_INT_CONVERSION = YES;
				CLANG_WARN_NON_LITERAL_NULL_CONVERSION = YES;
				CLANG_WARN_OBJC_IMPLICIT_RETAIN_SELF = YES;
				CLANG_WARN_OBJC_LITERAL_CONVERSION = YES;
				CLANG_WARN_OBJC_ROOT_CLASS = YES_ERROR;
				CLANG_WARN_QUOTED_INCLUDE_IN_FRAMEWORK_HEADER = YES;
				CLANG_WARN_RANGE_LOOP_ANALYSIS = YES;
				CLANG_WARN_STRICT_PROTOTYPES = YES;
				CLANG_WARN_SUSPICIOUS_MOVE = YES;
				CLANG_WARN_UNGUARDED_AVAILABILITY = YES_AGGRESSIVE;
				CLANG_WARN_UNREACHABLE_CODE = YES;
				CLANG_WARN__DUPLICATE_METHOD_MATCH = YES;
				COPY_PHASE_STRIP = NO;
				DEBUG_INFORMATION_FORMAT = dwarf;
				ENABLE_STRICT_OBJC_MSGSEND = YES;
				ENABLE_TESTABILITY = YES;
				ENABLE_USER_SCRIPT_SANDBOXING = YES;
				GCC_C_LANGUAGE_STANDARD = gnu17;
				GCC_DYNAMIC_NO_PIC = NO;
				GCC_NO_COMMON_BLOCKS = YES;
				GCC_OPTIMIZATION_LEVEL = 0;
				GCC_PREPROCESSOR_DEFINITIONS = (
					"DEBUG=1",
					"$(inherited)",
				);
				GCC_WARN_64_TO_32_BIT_CONVERSION = YES;
				GCC_WARN_ABOUT_RETURN_TYPE = YES_ERROR;
				GCC_WARN_UNDECLARED_SELECTOR = YES;
				GCC_WARN_UNINITIALIZED_AUTOS = YES_AGGRESSIVE;
				GCC_WARN_UNUSED_FUNCTION = YES;
				GCC_WARN_UNUSED_VARIABLE = YES;
				IPHONEOS_DEPLOYMENT_TARGET = 17.2;
				LOCALIZATION_PREFERS_STRING_CATALOGS = YES;
				MTL_ENABLE_DEBUG_INFO = INCLUDE_SOURCE;
				MTL_FAST_MATH = YES;
				ONLY_ACTIVE_ARCH = YES;
				SDKROOT = iphoneos;
				SWIFT_ACTIVE_COMPILATION_CONDITIONS = "DEBUG $(inherited)";
				SWIFT_OPTIMIZATION_LEVEL = "-Onone";
			};
			name = Debug;
		};
		4B7492EF2C0BBF1100EC27CF /* Release */ = {
			isa = XCBuildConfiguration;
			buildSettings = {
				ALWAYS_SEARCH_USER_PATHS = NO;
				ASSETCATALOG_COMPILER_GENERATE_SWIFT_ASSET_SYMBOL_EXTENSIONS = YES;
				CLANG_ANALYZER_NONNULL = YES;
				CLANG_ANALYZER_NUMBER_OBJECT_CONVERSION = YES_AGGRESSIVE;
				CLANG_CXX_LANGUAGE_STANDARD = "gnu++20";
				CLANG_ENABLE_MODULES = YES;
				CLANG_ENABLE_OBJC_ARC = YES;
				CLANG_ENABLE_OBJC_WEAK = YES;
				CLANG_WARN_BLOCK_CAPTURE_AUTORELEASING = YES;
				CLANG_WARN_BOOL_CONVERSION = YES;
				CLANG_WARN_COMMA = YES;
				CLANG_WARN_CONSTANT_CONVERSION = YES;
				CLANG_WARN_DEPRECATED_OBJC_IMPLEMENTATIONS = YES;
				CLANG_WARN_DIRECT_OBJC_ISA_USAGE = YES_ERROR;
				CLANG_WARN_DOCUMENTATION_COMMENTS = YES;
				CLANG_WARN_EMPTY_BODY = YES;
				CLANG_WARN_ENUM_CONVERSION = YES;
				CLANG_WARN_INFINITE_RECURSION = YES;
				CLANG_WARN_INT_CONVERSION = YES;
				CLANG_WARN_NON_LITERAL_NULL_CONVERSION = YES;
				CLANG_WARN_OBJC_IMPLICIT_RETAIN_SELF = YES;
				CLANG_WARN_OBJC_LITERAL_CONVERSION = YES;
				CLANG_WARN_OBJC_ROOT_CLASS = YES_ERROR;
				CLANG_WARN_QUOTED_INCLUDE_IN_FRAMEWORK_HEADER = YES;
				CLANG_WARN_RANGE_LOOP_ANALYSIS = YES;
				CLANG_WARN_STRICT_PROTOTYPES = YES;
				CLANG_WARN_SUSPICIOUS_MOVE = YES;
				CLANG_WARN_UNGUARDED_AVAILABILITY = YES_AGGRESSIVE;
				CLANG_WARN_UNREACHABLE_CODE = YES;
				CLANG_WARN__DUPLICATE_METHOD_MATCH = YES;
				COPY_PHASE_STRIP = NO;
				DEBUG_INFORMATION_FORMAT = "dwarf-with-dsym";
				ENABLE_NS_ASSERTIONS = NO;
				ENABLE_STRICT_OBJC_MSGSEND = YES;
				ENABLE_USER_SCRIPT_SANDBOXING = YES;
				GCC_C_LANGUAGE_STANDARD = gnu17;
				GCC_NO_COMMON_BLOCKS = YES;
				GCC_WARN_64_TO_32_BIT_CONVERSION = YES;
				GCC_WARN_ABOUT_RETURN_TYPE = YES_ERROR;
				GCC_WARN_UNDECLARED_SELECTOR = YES;
				GCC_WARN_UNINITIALIZED_AUTOS = YES_AGGRESSIVE;
				GCC_WARN_UNUSED_FUNCTION = YES;
				GCC_WARN_UNUSED_VARIABLE = YES;
				IPHONEOS_DEPLOYMENT_TARGET = 17.2;
				LOCALIZATION_PREFERS_STRING_CATALOGS = YES;
				MTL_ENABLE_DEBUG_INFO = NO;
				MTL_FAST_MATH = YES;
				SDKROOT = iphoneos;
				SWIFT_COMPILATION_MODE = wholemodule;
				VALIDATE_PRODUCT = YES;
			};
			name = Release;
		};
		4B7492F12C0BBF1100EC27CF /* Debug */ = {
			isa = XCBuildConfiguration;
			buildSettings = {
				ASSETCATALOG_COMPILER_APPICON_NAME = AppIcon;
				ASSETCATALOG_COMPILER_GLOBAL_ACCENT_COLOR_NAME = AccentColor;
				CODE_SIGN_STYLE = Automatic;
				CURRENT_PROJECT_VERSION = 1;
				DEVELOPMENT_ASSET_PATHS = "\"SwiftUIBeta/Preview Content\"";
				ENABLE_PREVIEWS = YES;
				GENERATE_INFOPLIST_FILE = YES;
				INFOPLIST_KEY_UIApplicationSceneManifest_Generation = YES;
				INFOPLIST_KEY_UIApplicationSupportsIndirectInputEvents = YES;
				INFOPLIST_KEY_UILaunchScreen_Generation = YES;
				INFOPLIST_KEY_UISupportedInterfaceOrientations_iPad = "UIInterfaceOrientationPortrait UIInterfaceOrientationPortraitUpsideDown UIInterfaceOrientationLandscapeLeft UIInterfaceOrientationLandscapeRight";
				INFOPLIST_KEY_UISupportedInterfaceOrientations_iPhone = "UIInterfaceOrientationPortrait UIInterfaceOrientationLandscapeLeft UIInterfaceOrientationLandscapeRight";
				LD_RUNPATH_SEARCH_PATHS = (
					"$(inherited)",
					"@executable_path/Frameworks",
				);
				MARKETING_VERSION = 1.0;
				PRODUCT_BUNDLE_IDENTIFIER = com.swiftbeta.SwiftUIBeta;
				PRODUCT_NAME = "$(TARGET_NAME)";
				SWIFT_EMIT_LOC_STRINGS = YES;
				SWIFT_VERSION = 5.0;
				TARGETED_DEVICE_FAMILY = "1,2";
			};
			name = Debug;
		};
		4B7492F22C0BBF1100EC27CF /* Release */ = {
			isa = XCBuildConfiguration;
			buildSettings = {
				ASSETCATALOG_COMPILER_APPICON_NAME = AppIcon;
				ASSETCATALOG_COMPILER_GLOBAL_ACCENT_COLOR_NAME = AccentColor;
				CODE_SIGN_STYLE = Automatic;
				CURRENT_PROJECT_VERSION = 1;
				DEVELOPMENT_ASSET_PATHS = "\"SwiftUIBeta/Preview Content\"";
				ENABLE_PREVIEWS = YES;
				GENERATE_INFOPLIST_FILE = YES;
				INFOPLIST_KEY_UIApplicationSceneManifest_Generation = YES;
				INFOPLIST_KEY_UIApplicationSupportsIndirectInputEvents = YES;
				INFOPLIST_KEY_UILaunchScreen_Generation = YES;
				INFOPLIST_KEY_UISupportedInterfaceOrientations_iPad = "UIInterfaceOrientationPortrait UIInterfaceOrientationPortraitUpsideDown UIInterfaceOrientationLandscapeLeft UIInterfaceOrientationLandscapeRight";
				INFOPLIST_KEY_UISupportedInterfaceOrientations_iPhone = "UIInterfaceOrientationPortrait UIInterfaceOrientationLandscapeLeft UIInterfaceOrientationLandscapeRight";
				LD_RUNPATH_SEARCH_PATHS = (
					"$(inherited)",
					"@executable_path/Frameworks",
				);
				MARKETING_VERSION = 1.0;
				PRODUCT_BUNDLE_IDENTIFIER = com.swiftbeta.SwiftUIBeta;
				PRODUCT_NAME = "$(TARGET_NAME)";
				SWIFT_EMIT_LOC_STRINGS = YES;
				SWIFT_VERSION = 5.0;
				TARGETED_DEVICE_FAMILY = "1,2";
			};
			name = Release;
		};
		4B7492F42C0BBF1100EC27CF /* Debug */ = {
			isa = XCBuildConfiguration;
			buildSettings = {
				ALWAYS_EMBED_SWIFT_STANDARD_LIBRARIES = YES;
				BUNDLE_LOADER = "$(TEST_HOST)";
				CODE_SIGN_STYLE = Automatic;
				CURRENT_PROJECT_VERSION = 1;
				GENERATE_INFOPLIST_FILE = YES;
				IPHONEOS_DEPLOYMENT_TARGET = 17.2;
				MARKETING_VERSION = 1.0;
				PRODUCT_BUNDLE_IDENTIFIER = com.swiftbeta.SwiftUIBetaTests;
				PRODUCT_NAME = "$(TARGET_NAME)";
				SWIFT_EMIT_LOC_STRINGS = NO;
				SWIFT_VERSION = 5.0;
				TARGETED_DEVICE_FAMILY = "1,2";
				TEST_HOST = "$(BUILT_PRODUCTS_DIR)/SwiftUIBeta.app/$(BUNDLE_EXECUTABLE_FOLDER_PATH)/SwiftUIBeta";
			};
			name = Debug;
		};
		4B7492F52C0BBF1100EC27CF /* Release */ = {
			isa = XCBuildConfiguration;
			buildSettings = {
				ALWAYS_EMBED_SWIFT_STANDARD_LIBRARIES = YES;
				BUNDLE_LOADER = "$(TEST_HOST)";
				CODE_SIGN_STYLE = Automatic;
				CURRENT_PROJECT_VERSION = 1;
				GENERATE_INFOPLIST_FILE = YES;
				IPHONEOS_DEPLOYMENT_TARGET = 17.2;
				MARKETING_VERSION = 1.0;
				PRODUCT_BUNDLE_IDENTIFIER = com.swiftbeta.SwiftUIBetaTests;
				PRODUCT_NAME = "$(TARGET_NAME)";
				SWIFT_EMIT_LOC_STRINGS = NO;
				SWIFT_VERSION = 5.0;
				TARGETED_DEVICE_FAMILY = "1,2";
				TEST_HOST = "$(BUILT_PRODUCTS_DIR)/SwiftUIBeta.app/$(BUNDLE_EXECUTABLE_FOLDER_PATH)/SwiftUIBeta";
			};
			name = Release;
		};
		4B7492F72C0BBF1100EC27CF /* Debug */ = {
			isa = XCBuildConfiguration;
			buildSettings = {
				ALWAYS_EMBED_SWIFT_STANDARD_LIBRARIES = YES;
				CODE_SIGN_STYLE = Automatic;
				CURRENT_PROJECT_VERSION = 1;
				GENERATE_INFOPLIST_FILE = YES;
				MARKETING_VERSION = 1.0;
				PRODUCT_BUNDLE_IDENTIFIER = com.swiftbeta.SwiftUIBetaUITests;
				PRODUCT_NAME = "$(TARGET_NAME)";
				SWIFT_EMIT_LOC_STRINGS = NO;
				SWIFT_VERSION = 5.0;
				TARGETED_DEVICE_FAMILY = "1,2";
				TEST_TARGET_NAME = SwiftUIBeta;
			};
			name = Debug;
		};
		4B7492F82C0BBF1100EC27CF /* Release */ = {
			isa = XCBuildConfiguration;
			buildSettings = {
				ALWAYS_EMBED_SWIFT_STANDARD_LIBRARIES = YES;
				CODE_SIGN_STYLE = Automatic;
				CURRENT_PROJECT_VERSION = 1;
				GENERATE_INFOPLIST_FILE = YES;
				MARKETING_VERSION = 1.0;
				PRODUCT_BUNDLE_IDENTIFIER = com.swiftbeta.SwiftUIBetaUITests;
				PRODUCT_NAME = "$(TARGET_NAME)";
				SWIFT_EMIT_LOC_STRINGS = NO;
				SWIFT_VERSION = 5.0;
				TARGETED_DEVICE_FAMILY = "1,2";
				TEST_TARGET_NAME = SwiftUIBeta;
			};
			name = Release;
		};
/* End XCBuildConfiguration section */

/* Begin XCConfigurationList section */
		4B7492C72C0BBF1000EC27CF /* Build configuration list for PBXProject "SwiftUIBeta" */ = {
			isa = XCConfigurationList;
			buildConfigurations = (
				4B7492EE2C0BBF1100EC27CF /* Debug */,
				4B7492EF2C0BBF1100EC27CF /* Release */,
			);
			defaultConfigurationIsVisible = 0;
			defaultConfigurationName = Release;
		};
		4B7492F02C0BBF1100EC27CF /* Build configuration list for PBXNativeTarget "SwiftUIBeta" */ = {
			isa = XCConfigurationList;
			buildConfigurations = (
				4B7492F12C0BBF1100EC27CF /* Debug */,
				4B7492F22C0BBF1100EC27CF /* Release */,
			);
			defaultConfigurationIsVisible = 0;
			defaultConfigurationName = Release;
		};
		4B7492F32C0BBF1100EC27CF /* Build configuration list for PBXNativeTarget "SwiftUIBetaTests" */ = {
			isa = XCConfigurationList;
			buildConfigurations = (
				4B7492F42C0BBF1100EC27CF /* Debug */,
				4B7492F52C0BBF1100EC27CF /* Release */,
			);
			defaultConfigurationIsVisible = 0;
			defaultConfigurationName = Release;
		};
		4B7492F62C0BBF1100EC27CF /* Build configuration list for PBXNativeTarget "SwiftUIBetaUITests" */ = {
			isa = XCConfigurationList;
			buildConfigurations = (
				4B7492F72C0BBF1100EC27CF /* Debug */,
				4B7492F82C0BBF1100EC27CF /* Release */,
			);
			defaultConfigurationIsVisible = 0;
			defaultConfigurationName = Release;
		};
/* End XCConfigurationList section */
	};
	rootObject = 4B7492C42C0BBF1000EC27CF /* Project object */;
}
